// !$*UTF8*$!
{
	archiveVersion = 1;
	classes = {
	};
	objectVersion = 55;
	objects = {

/* Begin PBXBuildFile section */
		AC8D38DA2732361F00A6B2CE /* AppDelegate.swift in Sources */ = {isa = PBXBuildFile; fileRef = AC8D38D92732361F00A6B2CE /* AppDelegate.swift */; };
		AC8D38DE2732361F00A6B2CE /* Assets.xcassets in Resources */ = {isa = PBXBuildFile; fileRef = AC8D38DD2732361F00A6B2CE /* Assets.xcassets */; };
		AC8D38E12732361F00A6B2CE /* Main.storyboard in Resources */ = {isa = PBXBuildFile; fileRef = AC8D38DF2732361F00A6B2CE /* Main.storyboard */; };
		AC8D38EC2732535C00A6B2CE /* StatusBarItem.swift in Sources */ = {isa = PBXBuildFile; fileRef = AC8D38EB2732535C00A6B2CE /* StatusBarItem.swift */; };
		AC8D38EE2732626A00A6B2CE /* StatusBar.swift in Sources */ = {isa = PBXBuildFile; fileRef = AC8D38ED2732626A00A6B2CE /* StatusBar.swift */; };
		AC8D38F12734F61800A6B2CE /* PopoverView.swift in Sources */ = {isa = PBXBuildFile; fileRef = AC8D38F02734F61800A6B2CE /* PopoverView.swift */; };
		AC8D38F3273504E100A6B2CE /* PopoverViewModel.swift in Sources */ = {isa = PBXBuildFile; fileRef = AC8D38F2273504E100A6B2CE /* PopoverViewModel.swift */; };
		AC8D38F62735093F00A6B2CE /* Endpoint.swift in Sources */ = {isa = PBXBuildFile; fileRef = AC8D38F52735093F00A6B2CE /* Endpoint.swift */; };
		AC8D38F827350FFF00A6B2CE /* API.swift in Sources */ = {isa = PBXBuildFile; fileRef = AC8D38F727350FFF00A6B2CE /* API.swift */; };
/* End PBXBuildFile section */

/* Begin PBXFileReference section */
		AC8D38D62732361F00A6B2CE /* dog-bar.app */ = {isa = PBXFileReference; explicitFileType = wrapper.application; includeInIndex = 0; path = "dog-bar.app"; sourceTree = BUILT_PRODUCTS_DIR; };
		AC8D38D92732361F00A6B2CE /* AppDelegate.swift */ = {isa = PBXFileReference; lastKnownFileType = sourcecode.swift; path = AppDelegate.swift; sourceTree = "<group>"; };
		AC8D38DD2732361F00A6B2CE /* Assets.xcassets */ = {isa = PBXFileReference; lastKnownFileType = folder.assetcatalog; path = Assets.xcassets; sourceTree = "<group>"; };
		AC8D38E02732361F00A6B2CE /* Base */ = {isa = PBXFileReference; lastKnownFileType = file.storyboard; name = Base; path = Base.lproj/Main.storyboard; sourceTree = "<group>"; };
		AC8D38E22732361F00A6B2CE /* dog_bar.entitlements */ = {isa = PBXFileReference; lastKnownFileType = text.plist.entitlements; path = dog_bar.entitlements; sourceTree = "<group>"; };
		AC8D38E82732364B00A6B2CE /* Info.plist */ = {isa = PBXFileReference; lastKnownFileType = text.plist.xml; path = Info.plist; sourceTree = "<group>"; };
		AC8D38EB2732535C00A6B2CE /* StatusBarItem.swift */ = {isa = PBXFileReference; lastKnownFileType = sourcecode.swift; path = StatusBarItem.swift; sourceTree = "<group>"; };
		AC8D38ED2732626A00A6B2CE /* StatusBar.swift */ = {isa = PBXFileReference; lastKnownFileType = sourcecode.swift; path = StatusBar.swift; sourceTree = "<group>"; };
		AC8D38F02734F61800A6B2CE /* PopoverView.swift */ = {isa = PBXFileReference; lastKnownFileType = sourcecode.swift; path = PopoverView.swift; sourceTree = "<group>"; };
		AC8D38F2273504E100A6B2CE /* PopoverViewModel.swift */ = {isa = PBXFileReference; lastKnownFileType = sourcecode.swift; path = PopoverViewModel.swift; sourceTree = "<group>"; };
		AC8D38F52735093F00A6B2CE /* Endpoint.swift */ = {isa = PBXFileReference; lastKnownFileType = sourcecode.swift; path = Endpoint.swift; sourceTree = "<group>"; };
		AC8D38F727350FFF00A6B2CE /* API.swift */ = {isa = PBXFileReference; lastKnownFileType = sourcecode.swift; path = API.swift; sourceTree = "<group>"; };
/* End PBXFileReference section */

/* Begin PBXFrameworksBuildPhase section */
		AC8D38D32732361F00A6B2CE /* Frameworks */ = {
			isa = PBXFrameworksBuildPhase;
			buildActionMask = 2147483647;
			files = (
			);
			runOnlyForDeploymentPostprocessing = 0;
		};
/* End PBXFrameworksBuildPhase section */

/* Begin PBXGroup section */
		AC8D38CD2732361F00A6B2CE = {
			isa = PBXGroup;
			children = (
				AC8D38D82732361F00A6B2CE /* dog-bar */,
				AC8D38D72732361F00A6B2CE /* Products */,
			);
			sourceTree = "<group>";
		};
		AC8D38D72732361F00A6B2CE /* Products */ = {
			isa = PBXGroup;
			children = (
				AC8D38D62732361F00A6B2CE /* dog-bar.app */,
			);
			name = Products;
			sourceTree = "<group>";
		};
		AC8D38D82732361F00A6B2CE /* dog-bar */ = {
			isa = PBXGroup;
			children = (
				AC8D38F42735093500A6B2CE /* API */,
				AC8D38D92732361F00A6B2CE /* AppDelegate.swift */,
				AC8D38EA2732534B00A6B2CE /* Status Bar */,
				AC8D38DD2732361F00A6B2CE /* Assets.xcassets */,
				AC8D38DF2732361F00A6B2CE /* Main.storyboard */,
				AC8D38E22732361F00A6B2CE /* dog_bar.entitlements */,
				AC8D38E82732364B00A6B2CE /* Info.plist */,
			);
			path = "dog-bar";
			sourceTree = "<group>";
		};
		AC8D38EA2732534B00A6B2CE /* Status Bar */ = {
			isa = PBXGroup;
			children = (
				AC8D38EF2734F5FA00A6B2CE /* Popover */,
				AC8D38EB2732535C00A6B2CE /* StatusBarItem.swift */,
				AC8D38ED2732626A00A6B2CE /* StatusBar.swift */,
			);
			path = "Status Bar";
			sourceTree = "<group>";
		};
		AC8D38EF2734F5FA00A6B2CE /* Popover */ = {
			isa = PBXGroup;
			children = (
				AC8D38F02734F61800A6B2CE /* PopoverView.swift */,
				AC8D38F2273504E100A6B2CE /* PopoverViewModel.swift */,
			);
			path = Popover;
			sourceTree = "<group>";
		};
		AC8D38F42735093500A6B2CE /* API */ = {
			isa = PBXGroup;
			children = (
				AC8D38F52735093F00A6B2CE /* Endpoint.swift */,
				AC8D38F727350FFF00A6B2CE /* API.swift */,
			);
			path = API;
			sourceTree = "<group>";
		};
/* End PBXGroup section */

/* Begin PBXNativeTarget section */
		AC8D38D52732361F00A6B2CE /* dog-bar */ = {
			isa = PBXNativeTarget;
			buildConfigurationList = AC8D38E52732361F00A6B2CE /* Build configuration list for PBXNativeTarget "dog-bar" */;
			buildPhases = (
				AC8D38D22732361F00A6B2CE /* Sources */,
				AC8D38D32732361F00A6B2CE /* Frameworks */,
				AC8D38D42732361F00A6B2CE /* Resources */,
			);
			buildRules = (
			);
			dependencies = (
			);
			name = "dog-bar";
			productName = "dog-bar";
			productReference = AC8D38D62732361F00A6B2CE /* dog-bar.app */;
			productType = "com.apple.product-type.application";
		};
/* End PBXNativeTarget section */

/* Begin PBXProject section */
		AC8D38CE2732361F00A6B2CE /* Project object */ = {
			isa = PBXProject;
			attributes = {
				BuildIndependentTargetsInParallel = 1;
				LastSwiftUpdateCheck = 1310;
				LastUpgradeCheck = 1310;
				TargetAttributes = {
					AC8D38D52732361F00A6B2CE = {
						CreatedOnToolsVersion = 13.1;
					};
				};
			};
			buildConfigurationList = AC8D38D12732361F00A6B2CE /* Build configuration list for PBXProject "dog-bar" */;
			compatibilityVersion = "Xcode 13.0";
			developmentRegion = en;
			hasScannedForEncodings = 0;
			knownRegions = (
				en,
				Base,
			);
			mainGroup = AC8D38CD2732361F00A6B2CE;
			productRefGroup = AC8D38D72732361F00A6B2CE /* Products */;
			projectDirPath = "";
			projectRoot = "";
			targets = (
				AC8D38D52732361F00A6B2CE /* dog-bar */,
			);
		};
/* End PBXProject section */

/* Begin PBXResourcesBuildPhase section */
		AC8D38D42732361F00A6B2CE /* Resources */ = {
			isa = PBXResourcesBuildPhase;
			buildActionMask = 2147483647;
			files = (
				AC8D38DE2732361F00A6B2CE /* Assets.xcassets in Resources */,
				AC8D38E12732361F00A6B2CE /* Main.storyboard in Resources */,
			);
			runOnlyForDeploymentPostprocessing = 0;
		};
/* End PBXResourcesBuildPhase section */

/* Begin PBXSourcesBuildPhase section */
		AC8D38D22732361F00A6B2CE /* Sources */ = {
			isa = PBXSourcesBuildPhase;
			buildActionMask = 2147483647;
			files = (
				AC8D38F3273504E100A6B2CE /* PopoverViewModel.swift in Sources */,
				AC8D38EE2732626A00A6B2CE /* StatusBar.swift in Sources */,
				AC8D38DA2732361F00A6B2CE /* AppDelegate.swift in Sources */,
				AC8D38F12734F61800A6B2CE /* PopoverView.swift in Sources */,
				AC8D38F62735093F00A6B2CE /* Endpoint.swift in Sources */,
				AC8D38EC2732535C00A6B2CE /* StatusBarItem.swift in Sources */,
				AC8D38F827350FFF00A6B2CE /* API.swift in Sources */,
			);
			runOnlyForDeploymentPostprocessing = 0;
		};
/* End PBXSourcesBuildPhase section */

/* Begin PBXVariantGroup section */
		AC8D38DF2732361F00A6B2CE /* Main.storyboard */ = {
			isa = PBXVariantGroup;
			children = (
				AC8D38E02732361F00A6B2CE /* Base */,
			);
			name = Main.storyboard;
			sourceTree = "<group>";
		};
/* End PBXVariantGroup section */

/* Begin XCBuildConfiguration section */
		AC8D38E32732361F00A6B2CE /* Debug */ = {
			isa = XCBuildConfiguration;
			buildSettings = {
				ALWAYS_SEARCH_USER_PATHS = NO;
				CLANG_ANALYZER_NONNULL = YES;
				CLANG_ANALYZER_NUMBER_OBJECT_CONVERSION = YES_AGGRESSIVE;
				CLANG_CXX_LANGUAGE_STANDARD = "gnu++17";
				CLANG_CXX_LIBRARY = "libc++";
				CLANG_ENABLE_MODULES = YES;
				CLANG_ENABLE_OBJC_ARC = YES;
				CLANG_ENABLE_OBJC_WEAK = YES;
				CLANG_WARN_BLOCK_CAPTURE_AUTORELEASING = YES;
				CLANG_WARN_BOOL_CONVERSION = YES;
				CLANG_WARN_COMMA = YES;
				CLANG_WARN_CONSTANT_CONVERSION = YES;
				CLANG_WARN_DEPRECATED_OBJC_IMPLEMENTATIONS = YES;
				CLANG_WARN_DIRECT_OBJC_ISA_USAGE = YES_ERROR;
				CLANG_WARN_DOCUMENTATION_COMMENTS = YES;
				CLANG_WARN_EMPTY_BODY = YES;
				CLANG_WARN_ENUM_CONVERSION = YES;
				CLANG_WARN_INFINITE_RECURSION = YES;
				CLANG_WARN_INT_CONVERSION = YES;
				CLANG_WARN_NON_LITERAL_NULL_CONVERSION = YES;
				CLANG_WARN_OBJC_IMPLICIT_RETAIN_SELF = YES;
				CLANG_WARN_OBJC_LITERAL_CONVERSION = YES;
				CLANG_WARN_OBJC_ROOT_CLASS = YES_ERROR;
				CLANG_WARN_QUOTED_INCLUDE_IN_FRAMEWORK_HEADER = YES;
				CLANG_WARN_RANGE_LOOP_ANALYSIS = YES;
				CLANG_WARN_STRICT_PROTOTYPES = YES;
				CLANG_WARN_SUSPICIOUS_MOVE = YES;
				CLANG_WARN_UNGUARDED_AVAILABILITY = YES_AGGRESSIVE;
				CLANG_WARN_UNREACHABLE_CODE = YES;
				CLANG_WARN__DUPLICATE_METHOD_MATCH = YES;
				COPY_PHASE_STRIP = NO;
				DEBUG_INFORMATION_FORMAT = dwarf;
				ENABLE_STRICT_OBJC_MSGSEND = YES;
				ENABLE_TESTABILITY = YES;
				GCC_C_LANGUAGE_STANDARD = gnu11;
				GCC_DYNAMIC_NO_PIC = NO;
				GCC_NO_COMMON_BLOCKS = YES;
				GCC_OPTIMIZATION_LEVEL = 0;
				GCC_PREPROCESSOR_DEFINITIONS = (
					"DEBUG=1",
					"$(inherited)",
				);
				GCC_WARN_64_TO_32_BIT_CONVERSION = YES;
				GCC_WARN_ABOUT_RETURN_TYPE = YES_ERROR;
				GCC_WARN_UNDECLARED_SELECTOR = YES;
				GCC_WARN_UNINITIALIZED_AUTOS = YES_AGGRESSIVE;
				GCC_WARN_UNUSED_FUNCTION = YES;
				GCC_WARN_UNUSED_VARIABLE = YES;
				MACOSX_DEPLOYMENT_TARGET = 12.0;
				MTL_ENABLE_DEBUG_INFO = INCLUDE_SOURCE;
				MTL_FAST_MATH = YES;
				ONLY_ACTIVE_ARCH = YES;
				SDKROOT = macosx;
				SWIFT_ACTIVE_COMPILATION_CONDITIONS = DEBUG;
				SWIFT_OPTIMIZATION_LEVEL = "-Onone";
			};
			name = Debug;
		};
		AC8D38E42732361F00A6B2CE /* Release */ = {
			isa = XCBuildConfiguration;
			buildSettings = {
				ALWAYS_SEARCH_USER_PATHS = NO;
				CLANG_ANALYZER_NONNULL = YES;
				CLANG_ANALYZER_NUMBER_OBJECT_CONVERSION = YES_AGGRESSIVE;
				CLANG_CXX_LANGUAGE_STANDARD = "gnu++17";
				CLANG_CXX_LIBRARY = "libc++";
				CLANG_ENABLE_MODULES = YES;
				CLANG_ENABLE_OBJC_ARC = YES;
				CLANG_ENABLE_OBJC_WEAK = YES;
				CLANG_WARN_BLOCK_CAPTURE_AUTORELEASING = YES;
				CLANG_WARN_BOOL_CONVERSION = YES;
				CLANG_WARN_COMMA = YES;
				CLANG_WARN_CONSTANT_CONVERSION = YES;
				CLANG_WARN_DEPRECATED_OBJC_IMPLEMENTATIONS = YES;
				CLANG_WARN_DIRECT_OBJC_ISA_USAGE = YES_ERROR;
				CLANG_WARN_DOCUMENTATION_COMMENTS = YES;
				CLANG_WARN_EMPTY_BODY = YES;
				CLANG_WARN_ENUM_CONVERSION = YES;
				CLANG_WARN_INFINITE_RECURSION = YES;
				CLANG_WARN_INT_CONVERSION = YES;
				CLANG_WARN_NON_LITERAL_NULL_CONVERSION = YES;
				CLANG_WARN_OBJC_IMPLICIT_RETAIN_SELF = YES;
				CLANG_WARN_OBJC_LITERAL_CONVERSION = YES;
				CLANG_WARN_OBJC_ROOT_CLASS = YES_ERROR;
				CLANG_WARN_QUOTED_INCLUDE_IN_FRAMEWORK_HEADER = YES;
				CLANG_WARN_RANGE_LOOP_ANALYSIS = YES;
				CLANG_WARN_STRICT_PROTOTYPES = YES;
				CLANG_WARN_SUSPICIOUS_MOVE = YES;
				CLANG_WARN_UNGUARDED_AVAILABILITY = YES_AGGRESSIVE;
				CLANG_WARN_UNREACHABLE_CODE = YES;
				CLANG_WARN__DUPLICATE_METHOD_MATCH = YES;
				COPY_PHASE_STRIP = NO;
				DEBUG_INFORMATION_FORMAT = "dwarf-with-dsym";
				ENABLE_NS_ASSERTIONS = NO;
				ENABLE_STRICT_OBJC_MSGSEND = YES;
				GCC_C_LANGUAGE_STANDARD = gnu11;
				GCC_NO_COMMON_BLOCKS = YES;
				GCC_WARN_64_TO_32_BIT_CONVERSION = YES;
				GCC_WARN_ABOUT_RETURN_TYPE = YES_ERROR;
				GCC_WARN_UNDECLARED_SELECTOR = YES;
				GCC_WARN_UNINITIALIZED_AUTOS = YES_AGGRESSIVE;
				GCC_WARN_UNUSED_FUNCTION = YES;
				GCC_WARN_UNUSED_VARIABLE = YES;
				MACOSX_DEPLOYMENT_TARGET = 12.0;
				MTL_ENABLE_DEBUG_INFO = NO;
				MTL_FAST_MATH = YES;
				SDKROOT = macosx;
				SWIFT_COMPILATION_MODE = wholemodule;
				SWIFT_OPTIMIZATION_LEVEL = "-O";
			};
			name = Release;
		};
		AC8D38E62732361F00A6B2CE /* Debug */ = {
			isa = XCBuildConfiguration;
			buildSettings = {
				ASSETCATALOG_COMPILER_APPICON_NAME = AppIcon;
				ASSETCATALOG_COMPILER_GLOBAL_ACCENT_COLOR_NAME = AccentColor;
				CODE_SIGN_ENTITLEMENTS = "dog-bar/dog_bar.entitlements";
				CODE_SIGN_IDENTITY = "-";
				CODE_SIGN_STYLE = Automatic;
				COMBINE_HIDPI_IMAGES = YES;
				CURRENT_PROJECT_VERSION = 1;
				DEVELOPMENT_TEAM = "";
				ENABLE_HARDENED_RUNTIME = YES;
				GENERATE_INFOPLIST_FILE = NO;
				INFOPLIST_FILE = "dog-bar/Info.plist";
				INFOPLIST_KEY_NSHumanReadableCopyright = "";
				INFOPLIST_KEY_NSMainStoryboardFile = "";
				INFOPLIST_KEY_NSPrincipalClass = "";
				LD_RUNPATH_SEARCH_PATHS = (
					"$(inherited)",
					"@executable_path/../Frameworks",
				);
				MARKETING_VERSION = 1.0;
				PRODUCT_BUNDLE_IDENTIFIER = "com.nickdonald.dog-bar";
				PRODUCT_NAME = "$(TARGET_NAME)";
				SWIFT_EMIT_LOC_STRINGS = YES;
				SWIFT_VERSION = 5.0;
			};
			name = Debug;
		};
		AC8D38E72732361F00A6B2CE /* Release */ = {
			isa = XCBuildConfiguration;
			buildSettings = {
				ASSETCATALOG_COMPILER_APPICON_NAME = AppIcon;
				ASSETCATALOG_COMPILER_GLOBAL_ACCENT_COLOR_NAME = AccentColor;
				CODE_SIGN_ENTITLEMENTS = "dog-bar/dog_bar.entitlements";
				CODE_SIGN_IDENTITY = "-";
				CODE_SIGN_STYLE = Automatic;
				COMBINE_HIDPI_IMAGES = YES;
				CURRENT_PROJECT_VERSION = 1;
				DEVELOPMENT_TEAM = "";
				ENABLE_HARDENED_RUNTIME = YES;
				GENERATE_INFOPLIST_FILE = NO;
				INFOPLIST_FILE = "dog-bar/Info.plist";
				INFOPLIST_KEY_NSHumanReadableCopyright = "";
				INFOPLIST_KEY_NSMainStoryboardFile = "";
				INFOPLIST_KEY_NSPrincipalClass = "";
				LD_RUNPATH_SEARCH_PATHS = (
					"$(inherited)",
					"@executable_path/../Frameworks",
				);
				MARKETING_VERSION = 1.0;
				PRODUCT_BUNDLE_IDENTIFIER = "com.nickdonald.dog-bar";
				PRODUCT_NAME = "$(TARGET_NAME)";
				SWIFT_EMIT_LOC_STRINGS = YES;
				SWIFT_VERSION = 5.0;
			};
			name = Release;
		};
/* End XCBuildConfiguration section */

/* Begin XCConfigurationList section */
		AC8D38D12732361F00A6B2CE /* Build configuration list for PBXProject "dog-bar" */ = {
			isa = XCConfigurationList;
			buildConfigurations = (
				AC8D38E32732361F00A6B2CE /* Debug */,
				AC8D38E42732361F00A6B2CE /* Release */,
			);
			defaultConfigurationIsVisible = 0;
			defaultConfigurationName = Release;
		};
		AC8D38E52732361F00A6B2CE /* Build configuration list for PBXNativeTarget "dog-bar" */ = {
			isa = XCConfigurationList;
			buildConfigurations = (
				AC8D38E62732361F00A6B2CE /* Debug */,
				AC8D38E72732361F00A6B2CE /* Release */,
			);
			defaultConfigurationIsVisible = 0;
			defaultConfigurationName = Release;
		};
/* End XCConfigurationList section */
	};
	rootObject = AC8D38CE2732361F00A6B2CE /* Project object */;
}
